
Microsoft Visual Studio Solution File, Format Version 12.00
# Visual Studio Version 17
VisualStudioVersion = 17.12.35707.178 d17.12
MinimumVisualStudioVersion = 10.0.40219.1
Project("{FAE04EC0-301F-11D3-BF4B-00C04F79EFBC}") = "Employee_Management_System", "Employee_Management_System\Employee_Management_System.csproj", "{B2F785E9-2B32-4E30-9F33-2B7CE98F366F}"
EndProject
Global
	GlobalSection(SolutionConfigurationPlatforms) = preSolution
		Debug|Any CPU = Debug|Any CPU
		Release|Any CPU = Release|Any CPU
	EndGlobalSection
	GlobalSection(ProjectConfigurationPlatforms) = postSolution
		{B2F785E9-2B32-4E30-9F33-2B7CE98F366F}.Debug|Any CPU.ActiveCfg = Debug|Any CPU
		{B2F785E9-2B32-4E30-9F33-2B7CE98F366F}.Debug|Any CPU.Build.0 = Debug|Any CPU
		{B2F785E9-2B32-4E30-9F33-2B7CE98F366F}.Release|Any CPU.ActiveCfg = Release|Any CPU
		{B2F785E9-2B32-4E30-9F33-2B7CE98F366F}.Release|Any CPU.Build.0 = Release|Any CPU
	EndGlobalSection
	GlobalSection(SolutionProperties) = preSolution
		HideSolutionNode = FALSE
	EndGlobalSection
EndGlobal
